
Microsoft Visual Studio Solution File, Format Version 12.00
# Visual Studio 15
VisualStudioVersion = 15.0.26124.0
MinimumVisualStudioVersion = 15.0.26124.0
Project("{2150E333-8FDC-42A3-9474-1A3956D46DE8}") = "src", "src", "{0693C5DE-B691-454A-83C0-4745DFDD9BC7}"
EndProject
Project("{FAE04EC0-301F-11D3-BF4B-00C04F79EFBC}") = "api", "src\api\api.csproj", "{AACA6DA3-6E4C-467C-84BA-67698F4F2AF3}"
EndProject
Project("{FAE04EC0-301F-11D3-BF4B-00C04F79EFBC}") = "web", "src\web\web.csproj", "{B468BD63-03EC-4461-B317-6EC541DF6477}"
EndProject
Project("{2150E333-8FDC-42A3-9474-1A3956D46DE8}") = "tests", "tests", "{E72B518B-05B9-49A0-B65F-880F2AB227EB}"
EndProject
Project("{FAE04EC0-301F-11D3-BF4B-00C04F79EFBC}") = "api.UnitTest", "tests\api.UnitTest\api.UnitTest.csproj", "{57AD0CC7-B55D-45FD-BAB8-AD28CDA551A8}"
EndProject
Global
	GlobalSection(SolutionConfigurationPlatforms) = preSolution
		Debug|Any CPU = Debug|Any CPU
		Debug|x64 = Debug|x64
		Debug|x86 = Debug|x86
		Release|Any CPU = Release|Any CPU
		Release|x64 = Release|x64
		Release|x86 = Release|x86
	EndGlobalSection
	GlobalSection(SolutionProperties) = preSolution
		HideSolutionNode = FALSE
	EndGlobalSection
	GlobalSection(ProjectConfigurationPlatforms) = postSolution
		{AACA6DA3-6E4C-467C-84BA-67698F4F2AF3}.Debug|Any CPU.ActiveCfg = Debug|Any CPU
		{AACA6DA3-6E4C-467C-84BA-67698F4F2AF3}.Debug|Any CPU.Build.0 = Debug|Any CPU
		{AACA6DA3-6E4C-467C-84BA-67698F4F2AF3}.Debug|x64.ActiveCfg = Debug|x64
		{AACA6DA3-6E4C-467C-84BA-67698F4F2AF3}.Debug|x64.Build.0 = Debug|x64
		{AACA6DA3-6E4C-467C-84BA-67698F4F2AF3}.Debug|x86.ActiveCfg = Debug|x86
		{AACA6DA3-6E4C-467C-84BA-67698F4F2AF3}.Debug|x86.Build.0 = Debug|x86
		{AACA6DA3-6E4C-467C-84BA-67698F4F2AF3}.Release|Any CPU.ActiveCfg = Release|Any CPU
		{AACA6DA3-6E4C-467C-84BA-67698F4F2AF3}.Release|Any CPU.Build.0 = Release|Any CPU
		{AACA6DA3-6E4C-467C-84BA-67698F4F2AF3}.Release|x64.ActiveCfg = Release|x64
		{AACA6DA3-6E4C-467C-84BA-67698F4F2AF3}.Release|x64.Build.0 = Release|x64
		{AACA6DA3-6E4C-467C-84BA-67698F4F2AF3}.Release|x86.ActiveCfg = Release|x86
		{AACA6DA3-6E4C-467C-84BA-67698F4F2AF3}.Release|x86.Build.0 = Release|x86
		{B468BD63-03EC-4461-B317-6EC541DF6477}.Debug|Any CPU.ActiveCfg = Debug|Any CPU
		{B468BD63-03EC-4461-B317-6EC541DF6477}.Debug|Any CPU.Build.0 = Debug|Any CPU
		{B468BD63-03EC-4461-B317-6EC541DF6477}.Debug|x64.ActiveCfg = Debug|x64
		{B468BD63-03EC-4461-B317-6EC541DF6477}.Debug|x64.Build.0 = Debug|x64
		{B468BD63-03EC-4461-B317-6EC541DF6477}.Debug|x86.ActiveCfg = Debug|x86
		{B468BD63-03EC-4461-B317-6EC541DF6477}.Debug|x86.Build.0 = Debug|x86
		{B468BD63-03EC-4461-B317-6EC541DF6477}.Release|Any CPU.ActiveCfg = Release|Any CPU
		{B468BD63-03EC-4461-B317-6EC541DF6477}.Release|Any CPU.Build.0 = Release|Any CPU
		{B468BD63-03EC-4461-B317-6EC541DF6477}.Release|x64.ActiveCfg = Release|x64
		{B468BD63-03EC-4461-B317-6EC541DF6477}.Release|x64.Build.0 = Release|x64
		{B468BD63-03EC-4461-B317-6EC541DF6477}.Release|x86.ActiveCfg = Release|x86
		{B468BD63-03EC-4461-B317-6EC541DF6477}.Release|x86.Build.0 = Release|x86
		{57AD0CC7-B55D-45FD-BAB8-AD28CDA551A8}.Debug|Any CPU.ActiveCfg = Debug|Any CPU
		{57AD0CC7-B55D-45FD-BAB8-AD28CDA551A8}.Debug|Any CPU.Build.0 = Debug|Any CPU
		{57AD0CC7-B55D-45FD-BAB8-AD28CDA551A8}.Debug|x64.ActiveCfg = Debug|x64
		{57AD0CC7-B55D-45FD-BAB8-AD28CDA551A8}.Debug|x64.Build.0 = Debug|x64
		{57AD0CC7-B55D-45FD-BAB8-AD28CDA551A8}.Debug|x86.ActiveCfg = Debug|x86
		{57AD0CC7-B55D-45FD-BAB8-AD28CDA551A8}.Debug|x86.Build.0 = Debug|x86
		{57AD0CC7-B55D-45FD-BAB8-AD28CDA551A8}.Release|Any CPU.ActiveCfg = Release|Any CPU
		{57AD0CC7-B55D-45FD-BAB8-AD28CDA551A8}.Release|Any CPU.Build.0 = Release|Any CPU
		{57AD0CC7-B55D-45FD-BAB8-AD28CDA551A8}.Release|x64.ActiveCfg = Release|x64
		{57AD0CC7-B55D-45FD-BAB8-AD28CDA551A8}.Release|x64.Build.0 = Release|x64
		{57AD0CC7-B55D-45FD-BAB8-AD28CDA551A8}.Release|x86.ActiveCfg = Release|x86
		{57AD0CC7-B55D-45FD-BAB8-AD28CDA551A8}.Release|x86.Build.0 = Release|x86
	EndGlobalSection
	GlobalSection(NestedProjects) = preSolution
		{AACA6DA3-6E4C-467C-84BA-67698F4F2AF3} = {0693C5DE-B691-454A-83C0-4745DFDD9BC7}
		{B468BD63-03EC-4461-B317-6EC541DF6477} = {0693C5DE-B691-454A-83C0-4745DFDD9BC7}
		{57AD0CC7-B55D-45FD-BAB8-AD28CDA551A8} = {E72B518B-05B9-49A0-B65F-880F2AB227EB}
	EndGlobalSection
EndGlobal
